
Microsoft Visual Studio Solution File, Format Version 12.00
# Visual Studio 15
Project("{FAE04EC0-301F-11D3-BF4B-00C04F79EFBC}") = "UnityEngine.TestRunner", "UnityEngine.TestRunner.csproj", "{7588C7F9-2A1F-18DD-AA76-3D173BE6B930}"
EndProject
Project("{FAE04EC0-301F-11D3-BF4B-00C04F79EFBC}") = "Unity.Mathematics", "Unity.Mathematics.csproj", "{A844181C-1CCB-B1B4-1D28-ACFCE7FB457E}"
EndProject
Project("{FAE04EC0-301F-11D3-BF4B-00C04F79EFBC}") = "Unity.2D.Animation.Triangle.Runtime", "Unity.2D.Animation.Triangle.Runtime.csproj", "{4E66C8CB-DBE1-E0A0-6051-A5657F10E3B6}"
EndProject
Project("{FAE04EC0-301F-11D3-BF4B-00C04F79EFBC}") = "Unity.Timeline", "Unity.Timeline.csproj", "{989DA9CF-96F5-F6AF-D4DC-47C24E36E1BA}"
EndProject
Project("{FAE04EC0-301F-11D3-BF4B-00C04F79EFBC}") = "UnityEngine.UI", "UnityEngine.UI.csproj", "{334D0C7B-8211-D855-81D7-EA15BD57E28C}"
EndProject
Project("{FAE04EC0-301F-11D3-BF4B-00C04F79EFBC}") = "Unity.TextMeshPro", "Unity.TextMeshPro.csproj", "{D576E092-0B26-F1B3-1C4B-86476568ECAF}"
EndProject
Project("{FAE04EC0-301F-11D3-BF4B-00C04F79EFBC}") = "Unity.2D.Animation.Runtime", "Unity.2D.Animation.Runtime.csproj", "{FFB7787A-A311-39DF-2F93-3ED9DE5DB157}"
EndProject
Project("{FAE04EC0-301F-11D3-BF4B-00C04F79EFBC}") = "Unity.2D.IK.Runtime", "Unity.2D.IK.Runtime.csproj", "{7954071C-539E-B56C-D238-8AAFD2BD5363}"
EndProject
Project("{FAE04EC0-301F-11D3-BF4B-00C04F79EFBC}") = "Unity.2D.SpriteShape.Runtime", "Unity.2D.SpriteShape.Runtime.csproj", "{4DA72CD1-B28D-E6E3-1786-9F98C437EFB1}"
EndProject
Project("{FAE04EC0-301F-11D3-BF4B-00C04F79EFBC}") = "Unity.2D.PixelPerfect", "Unity.2D.PixelPerfect.csproj", "{6992099C-92F8-12A3-E149-69D4E792EBD4}"
EndProject
Project("{FAE04EC0-301F-11D3-BF4B-00C04F79EFBC}") = "Assembly-CSharp", "Assembly-CSharp.csproj", "{B9C87C49-DA97-B791-0AFB-2C5B20AEF6D0}"
EndProject
Project("{FAE04EC0-301F-11D3-BF4B-00C04F79EFBC}") = "Unity.2D.Common.Runtime", "Unity.2D.Common.Runtime.csproj", "{64BB70EC-4B34-6B34-587B-9F2DFFA062D0}"
EndProject
Project("{FAE04EC0-301F-11D3-BF4B-00C04F79EFBC}") = "Unity.InternalAPIEngineBridge.001", "Unity.InternalAPIEngineBridge.001.csproj", "{76399E2A-1292-726B-3863-84B7E8D7922B}"
EndProject
Project("{FAE04EC0-301F-11D3-BF4B-00C04F79EFBC}") = "UnityEditor.TestRunner", "UnityEditor.TestRunner.csproj", "{3FA15824-4197-1A6E-0558-3E170CF3F016}"
EndProject
Project("{FAE04EC0-301F-11D3-BF4B-00C04F79EFBC}") = "Unity.PlasticSCM.Editor", "Unity.PlasticSCM.Editor.csproj", "{8A61E951-AC03-D19B-2E66-24E7C5765216}"
EndProject
Project("{FAE04EC0-301F-11D3-BF4B-00C04F79EFBC}") = "UnityEditor.UI", "UnityEditor.UI.csproj", "{810FA8DB-85B7-26D0-AB4F-BA142FD5A08E}"
EndProject
Project("{FAE04EC0-301F-11D3-BF4B-00C04F79EFBC}") = "Unity.Services.Core.Editor", "Unity.Services.Core.Editor.csproj", "{A781BCD8-8524-3BB1-A942-37F8555436AD}"
EndProject
Project("{FAE04EC0-301F-11D3-BF4B-00C04F79EFBC}") = "Unity.Timeline.Editor", "Unity.Timeline.Editor.csproj", "{A582FFA2-5332-DFD1-DAFD-EBC60C87A960}"
EndProject
Project("{FAE04EC0-301F-11D3-BF4B-00C04F79EFBC}") = "Unity.VisualStudio.Editor", "Unity.VisualStudio.Editor.csproj", "{1E5DA2A0-01FE-311E-36FC-3B20EF92A166}"
EndProject
Project("{FAE04EC0-301F-11D3-BF4B-00C04F79EFBC}") = "Unity.2D.Psdimporter.Editor", "Unity.2D.Psdimporter.Editor.csproj", "{7B8AA53C-3A9A-5601-6724-9D85DE95EA31}"
EndProject
Project("{FAE04EC0-301F-11D3-BF4B-00C04F79EFBC}") = "Unity.2D.Animation.Editor", "Unity.2D.Animation.Editor.csproj", "{FA18DAE4-CB8D-0164-5176-876637C8ED6A}"
EndProject
Project("{FAE04EC0-301F-11D3-BF4B-00C04F79EFBC}") = "Unity.TextMeshPro.Editor", "Unity.TextMeshPro.Editor.csproj", "{44C963A0-EF24-B13D-6AE3-CF0E1AA332B6}"
EndProject
Project("{FAE04EC0-301F-11D3-BF4B-00C04F79EFBC}") = "Unity.2D.SpriteShape.Editor", "Unity.2D.SpriteShape.Editor.csproj", "{4964DDFE-662C-F92D-E190-A249E95DA74F}"
EndProject
Project("{FAE04EC0-301F-11D3-BF4B-00C04F79EFBC}") = "Unity.CollabProxy.Editor", "Unity.CollabProxy.Editor.csproj", "{5B50D129-F751-93EB-4D38-2AD586C1A4E5}"
EndProject
Project("{FAE04EC0-301F-11D3-BF4B-00C04F79EFBC}") = "PsdPlugin", "PsdPlugin.csproj", "{49CD403E-46AC-A865-4224-B9445940AC0B}"
EndProject
Project("{FAE04EC0-301F-11D3-BF4B-00C04F79EFBC}") = "Unity.2D.Path.Editor", "Unity.2D.Path.Editor.csproj", "{C7954794-5E07-4EDC-0AA8-47FEE1F7AF12}"
EndProject
Project("{FAE04EC0-301F-11D3-BF4B-00C04F79EFBC}") = "Unity.Rider.Editor", "Unity.Rider.Editor.csproj", "{208F8655-EF01-C1BE-F787-A61B79BFDEC2}"
EndProject
Project("{FAE04EC0-301F-11D3-BF4B-00C04F79EFBC}") = "Unity.2D.IK.Editor", "Unity.2D.IK.Editor.csproj", "{8FDB921A-47C4-7B05-AC9F-DBC298D9846F}"
EndProject
Project("{FAE04EC0-301F-11D3-BF4B-00C04F79EFBC}") = "Unity.2D.Sprite.Editor", "Unity.2D.Sprite.Editor.csproj", "{9E5FF005-68BB-1690-5FDC-022AA227776B}"
EndProject
Project("{FAE04EC0-301F-11D3-BF4B-00C04F79EFBC}") = "Unity.2D.Tilemap.Editor", "Unity.2D.Tilemap.Editor.csproj", "{F706EAE1-4692-45A7-F502-1D8AB526301A}"
EndProject
Project("{FAE04EC0-301F-11D3-BF4B-00C04F79EFBC}") = "Unity.2D.PixelPerfect.Editor", "Unity.2D.PixelPerfect.Editor.csproj", "{3F9531E5-5266-91A9-D8EA-10484BD626F1}"
EndProject
Project("{FAE04EC0-301F-11D3-BF4B-00C04F79EFBC}") = "Unity.VSCode.Editor", "Unity.VSCode.Editor.csproj", "{C55982CC-4653-E3FB-B023-0B631DAB476D}"
EndProject
Project("{FAE04EC0-301F-11D3-BF4B-00C04F79EFBC}") = "Unity.2D.Common.Editor", "Unity.2D.Common.Editor.csproj", "{B0C4C16A-7B1A-5D76-DE0B-AD416A16BC0B}"
EndProject
Project("{FAE04EC0-301F-11D3-BF4B-00C04F79EFBC}") = "Unity.Mathematics.Editor", "Unity.Mathematics.Editor.csproj", "{7CB59588-116C-EB2D-2666-59B80AAEC13F}"
EndProject
Project("{FAE04EC0-301F-11D3-BF4B-00C04F79EFBC}") = "Unity.InternalAPIEditorBridge.001", "Unity.InternalAPIEditorBridge.001.csproj", "{1F5EA6F3-C466-CB74-D6BA-C821C52047A2}"
EndProject
Project("{FAE04EC0-301F-11D3-BF4B-00C04F79EFBC}") = "UnityEngine.TestRunner", "UnityEngine.TestRunner.Player.csproj", "{569AA36E-3061-DE2E-F4E7-5FB841C603F8}"
EndProject
Project("{FAE04EC0-301F-11D3-BF4B-00C04F79EFBC}") = "Unity.Mathematics", "Unity.Mathematics.Player.csproj", "{76B21B38-D012-2458-257C-57F75C0E70B0}"
EndProject
Project("{FAE04EC0-301F-11D3-BF4B-00C04F79EFBC}") = "Unity.2D.Animation.Triangle.Runtime", "Unity.2D.Animation.Triangle.Runtime.Player.csproj", "{23CFB367-8874-FA0A-45CF-2CEB352232B7}"
EndProject
Project("{FAE04EC0-301F-11D3-BF4B-00C04F79EFBC}") = "Unity.Timeline", "Unity.Timeline.Player.csproj", "{D6F3EC85-625A-4779-A932-9015D338B2BC}"
EndProject
Project("{FAE04EC0-301F-11D3-BF4B-00C04F79EFBC}") = "UnityEngine.UI", "UnityEngine.UI.Player.csproj", "{50D6028F-5E1A-BFFD-8E09-6D1F9AC4C083}"
EndProject
Project("{FAE04EC0-301F-11D3-BF4B-00C04F79EFBC}") = "Unity.TextMeshPro", "Unity.TextMeshPro.Player.csproj", "{792AD8A6-B5BC-4300-9C1A-6EB09937C57D}"
EndProject
Project("{FAE04EC0-301F-11D3-BF4B-00C04F79EFBC}") = "Unity.2D.Animation.Runtime", "Unity.2D.Animation.Runtime.Player.csproj", "{23E1BA1F-B98B-C560-6EFD-2077B81086AE}"
EndProject
Project("{FAE04EC0-301F-11D3-BF4B-00C04F79EFBC}") = "Unity.2D.IK.Runtime", "Unity.2D.IK.Runtime.Player.csproj", "{74C299AC-AA97-4AFC-1A4D-F87984A623CE}"
EndProject
Project("{FAE04EC0-301F-11D3-BF4B-00C04F79EFBC}") = "Unity.2D.SpriteShape.Runtime", "Unity.2D.SpriteShape.Runtime.Player.csproj", "{6F3B8FAD-2022-269F-2D20-A0566ADC425D}"
EndProject
Project("{FAE04EC0-301F-11D3-BF4B-00C04F79EFBC}") = "Unity.2D.PixelPerfect", "Unity.2D.PixelPerfect.Player.csproj", "{2F4A4DD3-AACA-6FE0-DCB5-A82A133E73B3}"
EndProject
Project("{FAE04EC0-301F-11D3-BF4B-00C04F79EFBC}") = "Assembly-CSharp", "Assembly-CSharp.Player.csproj", "{6594E003-FEC1-134E-7059-0A521B83E20C}"
EndProject
Project("{FAE04EC0-301F-11D3-BF4B-00C04F79EFBC}") = "Unity.2D.Common.Runtime", "Unity.2D.Common.Runtime.Player.csproj", "{7D84FF19-EA58-C335-D58C-8384703AD315}"
EndProject
Project("{FAE04EC0-301F-11D3-BF4B-00C04F79EFBC}") = "Unity.InternalAPIEngineBridge.001", "Unity.InternalAPIEngineBridge.001.Player.csproj", "{BC3756D7-045E-515A-1710-31647E8FC39A}"
EndProject
Global
	GlobalSection(SolutionConfigurationPlatforms) = preSolution
		Debug|Any CPU = Debug|Any CPU
		Release|Any CPU = Release|Any CPU
	EndGlobalSection
	GlobalSection(ProjectConfigurationPlatforms) = postSolution
		{7588C7F9-2A1F-18DD-AA76-3D173BE6B930}.Debug|Any CPU.ActiveCfg = Debug|Any CPU
		{7588C7F9-2A1F-18DD-AA76-3D173BE6B930}.Debug|Any CPU.Build.0 = Debug|Any CPU
		{7588C7F9-2A1F-18DD-AA76-3D173BE6B930}.Release|Any CPU.ActiveCfg = Release|Any CPU
		{7588C7F9-2A1F-18DD-AA76-3D173BE6B930}.Release|Any CPU.Build.0 = Release|Any CPU
		{A844181C-1CCB-B1B4-1D28-ACFCE7FB457E}.Debug|Any CPU.ActiveCfg = Debug|Any CPU
		{A844181C-1CCB-B1B4-1D28-ACFCE7FB457E}.Debug|Any CPU.Build.0 = Debug|Any CPU
		{A844181C-1CCB-B1B4-1D28-ACFCE7FB457E}.Release|Any CPU.ActiveCfg = Release|Any CPU
		{A844181C-1CCB-B1B4-1D28-ACFCE7FB457E}.Release|Any CPU.Build.0 = Release|Any CPU
		{4E66C8CB-DBE1-E0A0-6051-A5657F10E3B6}.Debug|Any CPU.ActiveCfg = Debug|Any CPU
		{4E66C8CB-DBE1-E0A0-6051-A5657F10E3B6}.Debug|Any CPU.Build.0 = Debug|Any CPU
		{4E66C8CB-DBE1-E0A0-6051-A5657F10E3B6}.Release|Any CPU.ActiveCfg = Release|Any CPU
		{4E66C8CB-DBE1-E0A0-6051-A5657F10E3B6}.Release|Any CPU.Build.0 = Release|Any CPU
		{989DA9CF-96F5-F6AF-D4DC-47C24E36E1BA}.Debug|Any CPU.ActiveCfg = Debug|Any CPU
		{989DA9CF-96F5-F6AF-D4DC-47C24E36E1BA}.Debug|Any CPU.Build.0 = Debug|Any CPU
		{989DA9CF-96F5-F6AF-D4DC-47C24E36E1BA}.Release|Any CPU.ActiveCfg = Release|Any CPU
		{989DA9CF-96F5-F6AF-D4DC-47C24E36E1BA}.Release|Any CPU.Build.0 = Release|Any CPU
		{334D0C7B-8211-D855-81D7-EA15BD57E28C}.Debug|Any CPU.ActiveCfg = Debug|Any CPU
		{334D0C7B-8211-D855-81D7-EA15BD57E28C}.Debug|Any CPU.Build.0 = Debug|Any CPU
		{334D0C7B-8211-D855-81D7-EA15BD57E28C}.Release|Any CPU.ActiveCfg = Release|Any CPU
		{334D0C7B-8211-D855-81D7-EA15BD57E28C}.Release|Any CPU.Build.0 = Release|Any CPU
		{D576E092-0B26-F1B3-1C4B-86476568ECAF}.Debug|Any CPU.ActiveCfg = Debug|Any CPU
		{D576E092-0B26-F1B3-1C4B-86476568ECAF}.Debug|Any CPU.Build.0 = Debug|Any CPU
		{D576E092-0B26-F1B3-1C4B-86476568ECAF}.Release|Any CPU.ActiveCfg = Release|Any CPU
		{D576E092-0B26-F1B3-1C4B-86476568ECAF}.Release|Any CPU.Build.0 = Release|Any CPU
		{FFB7787A-A311-39DF-2F93-3ED9DE5DB157}.Debug|Any CPU.ActiveCfg = Debug|Any CPU
		{FFB7787A-A311-39DF-2F93-3ED9DE5DB157}.Debug|Any CPU.Build.0 = Debug|Any CPU
		{FFB7787A-A311-39DF-2F93-3ED9DE5DB157}.Release|Any CPU.ActiveCfg = Release|Any CPU
		{FFB7787A-A311-39DF-2F93-3ED9DE5DB157}.Release|Any CPU.Build.0 = Release|Any CPU
		{7954071C-539E-B56C-D238-8AAFD2BD5363}.Debug|Any CPU.ActiveCfg = Debug|Any CPU
		{7954071C-539E-B56C-D238-8AAFD2BD5363}.Debug|Any CPU.Build.0 = Debug|Any CPU
		{7954071C-539E-B56C-D238-8AAFD2BD5363}.Release|Any CPU.ActiveCfg = Release|Any CPU
		{7954071C-539E-B56C-D238-8AAFD2BD5363}.Release|Any CPU.Build.0 = Release|Any CPU
		{4DA72CD1-B28D-E6E3-1786-9F98C437EFB1}.Debug|Any CPU.ActiveCfg = Debug|Any CPU
		{4DA72CD1-B28D-E6E3-1786-9F98C437EFB1}.Debug|Any CPU.Build.0 = Debug|Any CPU
		{4DA72CD1-B28D-E6E3-1786-9F98C437EFB1}.Release|Any CPU.ActiveCfg = Release|Any CPU
		{4DA72CD1-B28D-E6E3-1786-9F98C437EFB1}.Release|Any CPU.Build.0 = Release|Any CPU
		{6992099C-92F8-12A3-E149-69D4E792EBD4}.Debug|Any CPU.ActiveCfg = Debug|Any CPU
		{6992099C-92F8-12A3-E149-69D4E792EBD4}.Debug|Any CPU.Build.0 = Debug|Any CPU
		{6992099C-92F8-12A3-E149-69D4E792EBD4}.Release|Any CPU.ActiveCfg = Release|Any CPU
		{6992099C-92F8-12A3-E149-69D4E792EBD4}.Release|Any CPU.Build.0 = Release|Any CPU
		{B9C87C49-DA97-B791-0AFB-2C5B20AEF6D0}.Debug|Any CPU.ActiveCfg = Debug|Any CPU
		{B9C87C49-DA97-B791-0AFB-2C5B20AEF6D0}.Debug|Any CPU.Build.0 = Debug|Any CPU
		{B9C87C49-DA97-B791-0AFB-2C5B20AEF6D0}.Release|Any CPU.ActiveCfg = Release|Any CPU
		{B9C87C49-DA97-B791-0AFB-2C5B20AEF6D0}.Release|Any CPU.Build.0 = Release|Any CPU
		{64BB70EC-4B34-6B34-587B-9F2DFFA062D0}.Debug|Any CPU.ActiveCfg = Debug|Any CPU
		{64BB70EC-4B34-6B34-587B-9F2DFFA062D0}.Debug|Any CPU.Build.0 = Debug|Any CPU
		{64BB70EC-4B34-6B34-587B-9F2DFFA062D0}.Release|Any CPU.ActiveCfg = Release|Any CPU
		{64BB70EC-4B34-6B34-587B-9F2DFFA062D0}.Release|Any CPU.Build.0 = Release|Any CPU
		{76399E2A-1292-726B-3863-84B7E8D7922B}.Debug|Any CPU.ActiveCfg = Debug|Any CPU
		{76399E2A-1292-726B-3863-84B7E8D7922B}.Debug|Any CPU.Build.0 = Debug|Any CPU
		{76399E2A-1292-726B-3863-84B7E8D7922B}.Release|Any CPU.ActiveCfg = Release|Any CPU
		{76399E2A-1292-726B-3863-84B7E8D7922B}.Release|Any CPU.Build.0 = Release|Any CPU
		{3FA15824-4197-1A6E-0558-3E170CF3F016}.Debug|Any CPU.ActiveCfg = Debug|Any CPU
		{3FA15824-4197-1A6E-0558-3E170CF3F016}.Debug|Any CPU.Build.0 = Debug|Any CPU
		{3FA15824-4197-1A6E-0558-3E170CF3F016}.Release|Any CPU.ActiveCfg = Release|Any CPU
		{3FA15824-4197-1A6E-0558-3E170CF3F016}.Release|Any CPU.Build.0 = Release|Any CPU
		{8A61E951-AC03-D19B-2E66-24E7C5765216}.Debug|Any CPU.ActiveCfg = Debug|Any CPU
		{8A61E951-AC03-D19B-2E66-24E7C5765216}.Debug|Any CPU.Build.0 = Debug|Any CPU
		{8A61E951-AC03-D19B-2E66-24E7C5765216}.Release|Any CPU.ActiveCfg = Release|Any CPU
		{8A61E951-AC03-D19B-2E66-24E7C5765216}.Release|Any CPU.Build.0 = Release|Any CPU
		{810FA8DB-85B7-26D0-AB4F-BA142FD5A08E}.Debug|Any CPU.ActiveCfg = Debug|Any CPU
		{810FA8DB-85B7-26D0-AB4F-BA142FD5A08E}.Debug|Any CPU.Build.0 = Debug|Any CPU
		{810FA8DB-85B7-26D0-AB4F-BA142FD5A08E}.Release|Any CPU.ActiveCfg = Release|Any CPU
		{810FA8DB-85B7-26D0-AB4F-BA142FD5A08E}.Release|Any CPU.Build.0 = Release|Any CPU
		{A781BCD8-8524-3BB1-A942-37F8555436AD}.Debug|Any CPU.ActiveCfg = Debug|Any CPU
		{A781BCD8-8524-3BB1-A942-37F8555436AD}.Debug|Any CPU.Build.0 = Debug|Any CPU
		{A781BCD8-8524-3BB1-A942-37F8555436AD}.Release|Any CPU.ActiveCfg = Release|Any CPU
		{A781BCD8-8524-3BB1-A942-37F8555436AD}.Release|Any CPU.Build.0 = Release|Any CPU
		{A582FFA2-5332-DFD1-DAFD-EBC60C87A960}.Debug|Any CPU.ActiveCfg = Debug|Any CPU
		{A582FFA2-5332-DFD1-DAFD-EBC60C87A960}.Debug|Any CPU.Build.0 = Debug|Any CPU
		{A582FFA2-5332-DFD1-DAFD-EBC60C87A960}.Release|Any CPU.ActiveCfg = Release|Any CPU
		{A582FFA2-5332-DFD1-DAFD-EBC60C87A960}.Release|Any CPU.Build.0 = Release|Any CPU
		{1E5DA2A0-01FE-311E-36FC-3B20EF92A166}.Debug|Any CPU.ActiveCfg = Debug|Any CPU
		{1E5DA2A0-01FE-311E-36FC-3B20EF92A166}.Debug|Any CPU.Build.0 = Debug|Any CPU
		{1E5DA2A0-01FE-311E-36FC-3B20EF92A166}.Release|Any CPU.ActiveCfg = Release|Any CPU
		{1E5DA2A0-01FE-311E-36FC-3B20EF92A166}.Release|Any CPU.Build.0 = Release|Any CPU
		{7B8AA53C-3A9A-5601-6724-9D85DE95EA31}.Debug|Any CPU.ActiveCfg = Debug|Any CPU
		{7B8AA53C-3A9A-5601-6724-9D85DE95EA31}.Debug|Any CPU.Build.0 = Debug|Any CPU
		{7B8AA53C-3A9A-5601-6724-9D85DE95EA31}.Release|Any CPU.ActiveCfg = Release|Any CPU
		{7B8AA53C-3A9A-5601-6724-9D85DE95EA31}.Release|Any CPU.Build.0 = Release|Any CPU
		{FA18DAE4-CB8D-0164-5176-876637C8ED6A}.Debug|Any CPU.ActiveCfg = Debug|Any CPU
		{FA18DAE4-CB8D-0164-5176-876637C8ED6A}.Debug|Any CPU.Build.0 = Debug|Any CPU
		{FA18DAE4-CB8D-0164-5176-876637C8ED6A}.Release|Any CPU.ActiveCfg = Release|Any CPU
		{FA18DAE4-CB8D-0164-5176-876637C8ED6A}.Release|Any CPU.Build.0 = Release|Any CPU
		{44C963A0-EF24-B13D-6AE3-CF0E1AA332B6}.Debug|Any CPU.ActiveCfg = Debug|Any CPU
		{44C963A0-EF24-B13D-6AE3-CF0E1AA332B6}.Debug|Any CPU.Build.0 = Debug|Any CPU
		{44C963A0-EF24-B13D-6AE3-CF0E1AA332B6}.Release|Any CPU.ActiveCfg = Release|Any CPU
		{44C963A0-EF24-B13D-6AE3-CF0E1AA332B6}.Release|Any CPU.Build.0 = Release|Any CPU
		{4964DDFE-662C-F92D-E190-A249E95DA74F}.Debug|Any CPU.ActiveCfg = Debug|Any CPU
		{4964DDFE-662C-F92D-E190-A249E95DA74F}.Debug|Any CPU.Build.0 = Debug|Any CPU
		{4964DDFE-662C-F92D-E190-A249E95DA74F}.Release|Any CPU.ActiveCfg = Release|Any CPU
		{4964DDFE-662C-F92D-E190-A249E95DA74F}.Release|Any CPU.Build.0 = Release|Any CPU
		{5B50D129-F751-93EB-4D38-2AD586C1A4E5}.Debug|Any CPU.ActiveCfg = Debug|Any CPU
		{5B50D129-F751-93EB-4D38-2AD586C1A4E5}.Debug|Any CPU.Build.0 = Debug|Any CPU
		{5B50D129-F751-93EB-4D38-2AD586C1A4E5}.Release|Any CPU.ActiveCfg = Release|Any CPU
		{5B50D129-F751-93EB-4D38-2AD586C1A4E5}.Release|Any CPU.Build.0 = Release|Any CPU
		{49CD403E-46AC-A865-4224-B9445940AC0B}.Debug|Any CPU.ActiveCfg = Debug|Any CPU
		{49CD403E-46AC-A865-4224-B9445940AC0B}.Debug|Any CPU.Build.0 = Debug|Any CPU
		{49CD403E-46AC-A865-4224-B9445940AC0B}.Release|Any CPU.ActiveCfg = Release|Any CPU
		{49CD403E-46AC-A865-4224-B9445940AC0B}.Release|Any CPU.Build.0 = Release|Any CPU
		{C7954794-5E07-4EDC-0AA8-47FEE1F7AF12}.Debug|Any CPU.ActiveCfg = Debug|Any CPU
		{C7954794-5E07-4EDC-0AA8-47FEE1F7AF12}.Debug|Any CPU.Build.0 = Debug|Any CPU
		{C7954794-5E07-4EDC-0AA8-47FEE1F7AF12}.Release|Any CPU.ActiveCfg = Release|Any CPU
		{C7954794-5E07-4EDC-0AA8-47FEE1F7AF12}.Release|Any CPU.Build.0 = Release|Any CPU
		{208F8655-EF01-C1BE-F787-A61B79BFDEC2}.Debug|Any CPU.ActiveCfg = Debug|Any CPU
		{208F8655-EF01-C1BE-F787-A61B79BFDEC2}.Debug|Any CPU.Build.0 = Debug|Any CPU
		{208F8655-EF01-C1BE-F787-A61B79BFDEC2}.Release|Any CPU.ActiveCfg = Release|Any CPU
		{208F8655-EF01-C1BE-F787-A61B79BFDEC2}.Release|Any CPU.Build.0 = Release|Any CPU
		{8FDB921A-47C4-7B05-AC9F-DBC298D9846F}.Debug|Any CPU.ActiveCfg = Debug|Any CPU
		{8FDB921A-47C4-7B05-AC9F-DBC298D9846F}.Debug|Any CPU.Build.0 = Debug|Any CPU
		{8FDB921A-47C4-7B05-AC9F-DBC298D9846F}.Release|Any CPU.ActiveCfg = Release|Any CPU
		{8FDB921A-47C4-7B05-AC9F-DBC298D9846F}.Release|Any CPU.Build.0 = Release|Any CPU
		{9E5FF005-68BB-1690-5FDC-022AA227776B}.Debug|Any CPU.ActiveCfg = Debug|Any CPU
		{9E5FF005-68BB-1690-5FDC-022AA227776B}.Debug|Any CPU.Build.0 = Debug|Any CPU
		{9E5FF005-68BB-1690-5FDC-022AA227776B}.Release|Any CPU.ActiveCfg = Release|Any CPU
		{9E5FF005-68BB-1690-5FDC-022AA227776B}.Release|Any CPU.Build.0 = Release|Any CPU
		{F706EAE1-4692-45A7-F502-1D8AB526301A}.Debug|Any CPU.ActiveCfg = Debug|Any CPU
		{F706EAE1-4692-45A7-F502-1D8AB526301A}.Debug|Any CPU.Build.0 = Debug|Any CPU
		{F706EAE1-4692-45A7-F502-1D8AB526301A}.Release|Any CPU.ActiveCfg = Release|Any CPU
		{F706EAE1-4692-45A7-F502-1D8AB526301A}.Release|Any CPU.Build.0 = Release|Any CPU
		{3F9531E5-5266-91A9-D8EA-10484BD626F1}.Debug|Any CPU.ActiveCfg = Debug|Any CPU
		{3F9531E5-5266-91A9-D8EA-10484BD626F1}.Debug|Any CPU.Build.0 = Debug|Any CPU
		{3F9531E5-5266-91A9-D8EA-10484BD626F1}.Release|Any CPU.ActiveCfg = Release|Any CPU
		{3F9531E5-5266-91A9-D8EA-10484BD626F1}.Release|Any CPU.Build.0 = Release|Any CPU
		{C55982CC-4653-E3FB-B023-0B631DAB476D}.Debug|Any CPU.ActiveCfg = Debug|Any CPU
		{C55982CC-4653-E3FB-B023-0B631DAB476D}.Debug|Any CPU.Build.0 = Debug|Any CPU
		{C55982CC-4653-E3FB-B023-0B631DAB476D}.Release|Any CPU.ActiveCfg = Release|Any CPU
		{C55982CC-4653-E3FB-B023-0B631DAB476D}.Release|Any CPU.Build.0 = Release|Any CPU
		{B0C4C16A-7B1A-5D76-DE0B-AD416A16BC0B}.Debug|Any CPU.ActiveCfg = Debug|Any CPU
		{B0C4C16A-7B1A-5D76-DE0B-AD416A16BC0B}.Debug|Any CPU.Build.0 = Debug|Any CPU
		{B0C4C16A-7B1A-5D76-DE0B-AD416A16BC0B}.Release|Any CPU.ActiveCfg = Release|Any CPU
		{B0C4C16A-7B1A-5D76-DE0B-AD416A16BC0B}.Release|Any CPU.Build.0 = Release|Any CPU
		{7CB59588-116C-EB2D-2666-59B80AAEC13F}.Debug|Any CPU.ActiveCfg = Debug|Any CPU
		{7CB59588-116C-EB2D-2666-59B80AAEC13F}.Debug|Any CPU.Build.0 = Debug|Any CPU
		{7CB59588-116C-EB2D-2666-59B80AAEC13F}.Release|Any CPU.ActiveCfg = Release|Any CPU
		{7CB59588-116C-EB2D-2666-59B80AAEC13F}.Release|Any CPU.Build.0 = Release|Any CPU
		{1F5EA6F3-C466-CB74-D6BA-C821C52047A2}.Debug|Any CPU.ActiveCfg = Debug|Any CPU
		{1F5EA6F3-C466-CB74-D6BA-C821C52047A2}.Debug|Any CPU.Build.0 = Debug|Any CPU
		{1F5EA6F3-C466-CB74-D6BA-C821C52047A2}.Release|Any CPU.ActiveCfg = Release|Any CPU
		{1F5EA6F3-C466-CB74-D6BA-C821C52047A2}.Release|Any CPU.Build.0 = Release|Any CPU
		{569AA36E-3061-DE2E-F4E7-5FB841C603F8}.Debug|Any CPU.ActiveCfg = Debug|Any CPU
		{569AA36E-3061-DE2E-F4E7-5FB841C603F8}.Debug|Any CPU.Build.0 = Debug|Any CPU
		{569AA36E-3061-DE2E-F4E7-5FB841C603F8}.Release|Any CPU.ActiveCfg = Release|Any CPU
		{569AA36E-3061-DE2E-F4E7-5FB841C603F8}.Release|Any CPU.Build.0 = Release|Any CPU
		{76B21B38-D012-2458-257C-57F75C0E70B0}.Debug|Any CPU.ActiveCfg = Debug|Any CPU
		{76B21B38-D012-2458-257C-57F75C0E70B0}.Debug|Any CPU.Build.0 = Debug|Any CPU
		{76B21B38-D012-2458-257C-57F75C0E70B0}.Release|Any CPU.ActiveCfg = Release|Any CPU
		{76B21B38-D012-2458-257C-57F75C0E70B0}.Release|Any CPU.Build.0 = Release|Any CPU
		{23CFB367-8874-FA0A-45CF-2CEB352232B7}.Debug|Any CPU.ActiveCfg = Debug|Any CPU
		{23CFB367-8874-FA0A-45CF-2CEB352232B7}.Debug|Any CPU.Build.0 = Debug|Any CPU
		{23CFB367-8874-FA0A-45CF-2CEB352232B7}.Release|Any CPU.ActiveCfg = Release|Any CPU
		{23CFB367-8874-FA0A-45CF-2CEB352232B7}.Release|Any CPU.Build.0 = Release|Any CPU
		{D6F3EC85-625A-4779-A932-9015D338B2BC}.Debug|Any CPU.ActiveCfg = Debug|Any CPU
		{D6F3EC85-625A-4779-A932-9015D338B2BC}.Debug|Any CPU.Build.0 = Debug|Any CPU
		{D6F3EC85-625A-4779-A932-9015D338B2BC}.Release|Any CPU.ActiveCfg = Release|Any CPU
		{D6F3EC85-625A-4779-A932-9015D338B2BC}.Release|Any CPU.Build.0 = Release|Any CPU
		{50D6028F-5E1A-BFFD-8E09-6D1F9AC4C083}.Debug|Any CPU.ActiveCfg = Debug|Any CPU
		{50D6028F-5E1A-BFFD-8E09-6D1F9AC4C083}.Debug|Any CPU.Build.0 = Debug|Any CPU
		{50D6028F-5E1A-BFFD-8E09-6D1F9AC4C083}.Release|Any CPU.ActiveCfg = Release|Any CPU
		{50D6028F-5E1A-BFFD-8E09-6D1F9AC4C083}.Release|Any CPU.Build.0 = Release|Any CPU
		{792AD8A6-B5BC-4300-9C1A-6EB09937C57D}.Debug|Any CPU.ActiveCfg = Debug|Any CPU
		{792AD8A6-B5BC-4300-9C1A-6EB09937C57D}.Debug|Any CPU.Build.0 = Debug|Any CPU
		{792AD8A6-B5BC-4300-9C1A-6EB09937C57D}.Release|Any CPU.ActiveCfg = Release|Any CPU
		{792AD8A6-B5BC-4300-9C1A-6EB09937C57D}.Release|Any CPU.Build.0 = Release|Any CPU
		{23E1BA1F-B98B-C560-6EFD-2077B81086AE}.Debug|Any CPU.ActiveCfg = Debug|Any CPU
		{23E1BA1F-B98B-C560-6EFD-2077B81086AE}.Debug|Any CPU.Build.0 = Debug|Any CPU
		{23E1BA1F-B98B-C560-6EFD-2077B81086AE}.Release|Any CPU.ActiveCfg = Release|Any CPU
		{23E1BA1F-B98B-C560-6EFD-2077B81086AE}.Release|Any CPU.Build.0 = Release|Any CPU
		{74C299AC-AA97-4AFC-1A4D-F87984A623CE}.Debug|Any CPU.ActiveCfg = Debug|Any CPU
		{74C299AC-AA97-4AFC-1A4D-F87984A623CE}.Debug|Any CPU.Build.0 = Debug|Any CPU
		{74C299AC-AA97-4AFC-1A4D-F87984A623CE}.Release|Any CPU.ActiveCfg = Release|Any CPU
		{74C299AC-AA97-4AFC-1A4D-F87984A623CE}.Release|Any CPU.Build.0 = Release|Any CPU
		{6F3B8FAD-2022-269F-2D20-A0566ADC425D}.Debug|Any CPU.ActiveCfg = Debug|Any CPU
		{6F3B8FAD-2022-269F-2D20-A0566ADC425D}.Debug|Any CPU.Build.0 = Debug|Any CPU
		{6F3B8FAD-2022-269F-2D20-A0566ADC425D}.Release|Any CPU.ActiveCfg = Release|Any CPU
		{6F3B8FAD-2022-269F-2D20-A0566ADC425D}.Release|Any CPU.Build.0 = Release|Any CPU
		{2F4A4DD3-AACA-6FE0-DCB5-A82A133E73B3}.Debug|Any CPU.ActiveCfg = Debug|Any CPU
		{2F4A4DD3-AACA-6FE0-DCB5-A82A133E73B3}.Debug|Any CPU.Build.0 = Debug|Any CPU
		{2F4A4DD3-AACA-6FE0-DCB5-A82A133E73B3}.Release|Any CPU.ActiveCfg = Release|Any CPU
		{2F4A4DD3-AACA-6FE0-DCB5-A82A133E73B3}.Release|Any CPU.Build.0 = Release|Any CPU
		{6594E003-FEC1-134E-7059-0A521B83E20C}.Debug|Any CPU.ActiveCfg = Debug|Any CPU
		{6594E003-FEC1-134E-7059-0A521B83E20C}.Debug|Any CPU.Build.0 = Debug|Any CPU
		{6594E003-FEC1-134E-7059-0A521B83E20C}.Release|Any CPU.ActiveCfg = Release|Any CPU
		{6594E003-FEC1-134E-7059-0A521B83E20C}.Release|Any CPU.Build.0 = Release|Any CPU
		{7D84FF19-EA58-C335-D58C-8384703AD315}.Debug|Any CPU.ActiveCfg = Debug|Any CPU
		{7D84FF19-EA58-C335-D58C-8384703AD315}.Debug|Any CPU.Build.0 = Debug|Any CPU
		{7D84FF19-EA58-C335-D58C-8384703AD315}.Release|Any CPU.ActiveCfg = Release|Any CPU
		{7D84FF19-EA58-C335-D58C-8384703AD315}.Release|Any CPU.Build.0 = Release|Any CPU
		{BC3756D7-045E-515A-1710-31647E8FC39A}.Debug|Any CPU.ActiveCfg = Debug|Any CPU
		{BC3756D7-045E-515A-1710-31647E8FC39A}.Debug|Any CPU.Build.0 = Debug|Any CPU
		{BC3756D7-045E-515A-1710-31647E8FC39A}.Release|Any CPU.ActiveCfg = Release|Any CPU
		{BC3756D7-045E-515A-1710-31647E8FC39A}.Release|Any CPU.Build.0 = Release|Any CPU
	EndGlobalSection
	GlobalSection(SolutionProperties) = preSolution
		HideSolutionNode = FALSE
	EndGlobalSection
EndGlobal
