
Microsoft Visual Studio Solution File, Format Version 11.00
# Visual Studio 2010
Project("{FAE04EC0-301F-11D3-BF4B-00C04F79EFBC}") = "UnityEngine.UI", "UnityEngine.UI.csproj", "{EDF69C09-F090-AFDF-22FA-1FCD43526716}"
EndProject
Project("{FAE04EC0-301F-11D3-BF4B-00C04F79EFBC}") = "UnityEngine.TestRunner", "UnityEngine.TestRunner.csproj", "{C5C22CF1-6EE1-9482-6615-408225F51A15}"
EndProject
Project("{FAE04EC0-301F-11D3-BF4B-00C04F79EFBC}") = "Unity.Mathematics", "Unity.Mathematics.csproj", "{89CC8CC0-4B91-B3C9-195B-A651424CF403}"
EndProject
Project("{FAE04EC0-301F-11D3-BF4B-00C04F79EFBC}") = "UnityEngine.XR.LegacyInputHelpers", "UnityEngine.XR.LegacyInputHelpers.csproj", "{D35255D3-6AD2-1E16-4A26-3FD8BBABC0D2}"
EndProject
Project("{FAE04EC0-301F-11D3-BF4B-00C04F79EFBC}") = "Unity.2D.Animation.Triangle.Runtime", "Unity.2D.Animation.Triangle.Runtime.csproj", "{5E49D139-4B8D-184D-917A-09BD2A3F07B8}"
EndProject
Project("{FAE04EC0-301F-11D3-BF4B-00C04F79EFBC}") = "Unity.Timeline", "Unity.Timeline.csproj", "{84F30B46-1A3A-5D21-AB00-2B59D1A75B8D}"
EndProject
Project("{FAE04EC0-301F-11D3-BF4B-00C04F79EFBC}") = "UnityEngine.Monetization", "UnityEngine.Monetization.csproj", "{722BE4E5-EC35-F952-1E3A-5AC689D882FC}"
EndProject
Project("{FAE04EC0-301F-11D3-BF4B-00C04F79EFBC}") = "Unity.TextMeshPro", "Unity.TextMeshPro.csproj", "{DA4CCBB6-7926-29C0-367A-17483176650F}"
EndProject
Project("{FAE04EC0-301F-11D3-BF4B-00C04F79EFBC}") = "UnityEngine.Purchasing", "UnityEngine.Purchasing.csproj", "{36ED538C-DA26-F49D-9CB0-8EDEAB67AE9F}"
EndProject
Project("{FAE04EC0-301F-11D3-BF4B-00C04F79EFBC}") = "Unity.2D.Animation.Runtime", "Unity.2D.Animation.Runtime.csproj", "{861FD356-04DA-BAB4-5640-C4623BD2DF2E}"
EndProject
Project("{FAE04EC0-301F-11D3-BF4B-00C04F79EFBC}") = "UnityEngine.Advertisements", "UnityEngine.Advertisements.csproj", "{5CCA8BD8-DA8B-06CD-4BFF-02B599365103}"
EndProject
Project("{FAE04EC0-301F-11D3-BF4B-00C04F79EFBC}") = "Assembly-CSharp", "Assembly-CSharp.csproj", "{E154B6E2-2E42-679C-F6B5-547982BD59EB}"
EndProject
Project("{FAE04EC0-301F-11D3-BF4B-00C04F79EFBC}") = "Unity.2D.IK.Runtime", "Unity.2D.IK.Runtime.csproj", "{516BB287-DC99-67C4-B662-2D27C5E470A3}"
EndProject
Project("{FAE04EC0-301F-11D3-BF4B-00C04F79EFBC}") = "Unity.2D.SpriteShape.Runtime", "Unity.2D.SpriteShape.Runtime.csproj", "{14B8EB0B-6530-5161-8F12-BB57C16AB05E}"
EndProject
Project("{FAE04EC0-301F-11D3-BF4B-00C04F79EFBC}") = "Unity.2D.PixelPerfect", "Unity.2D.PixelPerfect.csproj", "{C7225247-19EB-502E-8B20-1CD70AB827AD}"
EndProject
Project("{FAE04EC0-301F-11D3-BF4B-00C04F79EFBC}") = "Unity.2D.Common.Runtime", "Unity.2D.Common.Runtime.csproj", "{BA47EDE8-9853-2C98-BC06-92DA8657057D}"
EndProject
Project("{FAE04EC0-301F-11D3-BF4B-00C04F79EFBC}") = "UnityEngine.SpatialTracking", "UnityEngine.SpatialTracking.csproj", "{B7FE1E84-521C-808D-9752-AB00020917A9}"
EndProject
Project("{FAE04EC0-301F-11D3-BF4B-00C04F79EFBC}") = "Unity.InternalAPIEngineBridge.001", "Unity.InternalAPIEngineBridge.001.csproj", "{93EDE399-BB71-DAE5-23C1-91B5FFF9D97F}"
EndProject
Project("{FAE04EC0-301F-11D3-BF4B-00C04F79EFBC}") = "Unity.Analytics.DataPrivacy", "Unity.Analytics.DataPrivacy.csproj", "{4CC16351-7C7C-8743-C157-B623C5A67639}"
EndProject
Project("{FAE04EC0-301F-11D3-BF4B-00C04F79EFBC}") = "UnityEditor.TestRunner", "UnityEditor.TestRunner.csproj", "{FCCCAE3E-7FEE-E6BB-6E8B-5A26942D237F}"
EndProject
Project("{FAE04EC0-301F-11D3-BF4B-00C04F79EFBC}") = "Unity.PlasticSCM.Editor", "Unity.PlasticSCM.Editor.csproj", "{96264E46-A7C3-79EF-26D5-474EE103B491}"
EndProject
Project("{FAE04EC0-301F-11D3-BF4B-00C04F79EFBC}") = "UnityEditor.UI", "UnityEditor.UI.csproj", "{4C193145-0277-C79E-1D59-FA004BA06AAA}"
EndProject
Project("{FAE04EC0-301F-11D3-BF4B-00C04F79EFBC}") = "Unity.Services.Core.Editor", "Unity.Services.Core.Editor.csproj", "{39169F17-4D11-F81C-1A0E-4010C10BC3BE}"
EndProject
Project("{FAE04EC0-301F-11D3-BF4B-00C04F79EFBC}") = "Unity.Timeline.Editor", "Unity.Timeline.Editor.csproj", "{E45284CC-A26D-F481-9CB2-BF29ECE17CBE}"
EndProject
Project("{FAE04EC0-301F-11D3-BF4B-00C04F79EFBC}") = "Unity.VisualStudio.Editor", "Unity.VisualStudio.Editor.csproj", "{82100C95-2D0B-3DAB-9A06-5169599B6EEC}"
EndProject
Project("{FAE04EC0-301F-11D3-BF4B-00C04F79EFBC}") = "Unity.2D.Psdimporter.Editor", "Unity.2D.Psdimporter.Editor.csproj", "{A45EFF04-388B-EFDC-E572-6C9D18C2EFC0}"
EndProject
Project("{FAE04EC0-301F-11D3-BF4B-00C04F79EFBC}") = "UnityEngine.Advertisements.Editor", "UnityEngine.Advertisements.Editor.csproj", "{B31C1BA0-E43E-25BD-52B3-4B987124A2F0}"
EndProject
Project("{FAE04EC0-301F-11D3-BF4B-00C04F79EFBC}") = "Unity.2D.Animation.Editor", "Unity.2D.Animation.Editor.csproj", "{AF2DD61A-A3C4-F5C2-46D0-3E15EE99F1E5}"
EndProject
Project("{FAE04EC0-301F-11D3-BF4B-00C04F79EFBC}") = "Unity.TextMeshPro.Editor", "Unity.TextMeshPro.Editor.csproj", "{7395BDB3-7B59-65B5-0279-C94B9AE2F535}"
EndProject
Project("{FAE04EC0-301F-11D3-BF4B-00C04F79EFBC}") = "Unity.2D.SpriteShape.Editor", "Unity.2D.SpriteShape.Editor.csproj", "{1FC74772-25AA-C06B-DA2A-7B4E65B10035}"
EndProject
Project("{FAE04EC0-301F-11D3-BF4B-00C04F79EFBC}") = "Unity.CollabProxy.Editor", "Unity.CollabProxy.Editor.csproj", "{816C4EE6-C4E7-1B78-2DA2-409B5CA28EFE}"
EndProject
Project("{FAE04EC0-301F-11D3-BF4B-00C04F79EFBC}") = "PsdPlugin", "PsdPlugin.csproj", "{A958B477-BFB4-96C8-30B5-54435651B9B3}"
EndProject
Project("{FAE04EC0-301F-11D3-BF4B-00C04F79EFBC}") = "Unity.2D.Path.Editor", "Unity.2D.Path.Editor.csproj", "{D172C36A-5D37-407B-9255-945EAC76B21C}"
EndProject
Project("{FAE04EC0-301F-11D3-BF4B-00C04F79EFBC}") = "Unity.Rider.Editor", "Unity.Rider.Editor.csproj", "{07F9F602-99CD-8E16-3A19-8D79E969350E}"
EndProject
Project("{FAE04EC0-301F-11D3-BF4B-00C04F79EFBC}") = "UnityEditor.XR.LegacyInputHelpers", "UnityEditor.XR.LegacyInputHelpers.csproj", "{77D2E26E-E564-E127-318C-D60F68D2A96B}"
EndProject
Project("{FAE04EC0-301F-11D3-BF4B-00C04F79EFBC}") = "Unity.2D.IK.Editor", "Unity.2D.IK.Editor.csproj", "{F2C7DC0A-8FFC-3D3F-9EAC-12A247824702}"
EndProject
Project("{FAE04EC0-301F-11D3-BF4B-00C04F79EFBC}") = "Assembly-CSharp-Editor", "Assembly-CSharp-Editor.csproj", "{7BF7DC3F-5C97-69D2-68B9-496A70B6E473}"
EndProject
Project("{FAE04EC0-301F-11D3-BF4B-00C04F79EFBC}") = "Unity.2D.Sprite.Editor", "Unity.2D.Sprite.Editor.csproj", "{558F3CB3-E843-2536-7D93-41429A55948B}"
EndProject
Project("{FAE04EC0-301F-11D3-BF4B-00C04F79EFBC}") = "Unity.2D.Tilemap.Editor", "Unity.2D.Tilemap.Editor.csproj", "{DAE9C8AF-D663-3008-313F-6E355616D09D}"
EndProject
Project("{FAE04EC0-301F-11D3-BF4B-00C04F79EFBC}") = "Unity.2D.PixelPerfect.Editor", "Unity.2D.PixelPerfect.Editor.csproj", "{BB3F4D0E-83CA-4E7E-8E92-815BCB60FC3A}"
EndProject
Project("{FAE04EC0-301F-11D3-BF4B-00C04F79EFBC}") = "Unity.VSCode.Editor", "Unity.VSCode.Editor.csproj", "{2E4445A5-5102-520B-955D-B74298C5AFB3}"
EndProject
Project("{FAE04EC0-301F-11D3-BF4B-00C04F79EFBC}") = "UnityEditor.SpatialTracking", "UnityEditor.SpatialTracking.csproj", "{E9ED816A-61D1-0B76-C0EB-8DF18E383789}"
EndProject
Project("{FAE04EC0-301F-11D3-BF4B-00C04F79EFBC}") = "Unity.2D.Common.Editor", "Unity.2D.Common.Editor.csproj", "{3F368DDA-3634-FCBB-43C9-7B557CA49C27}"
EndProject
Project("{FAE04EC0-301F-11D3-BF4B-00C04F79EFBC}") = "Unity.Mathematics.Editor", "Unity.Mathematics.Editor.csproj", "{7221A3DC-076A-C0FD-7BCA-566D830A6768}"
EndProject
Project("{FAE04EC0-301F-11D3-BF4B-00C04F79EFBC}") = "UnityEditor.Purchasing", "UnityEditor.Purchasing.csproj", "{DA0AEC12-C6D1-6096-03C7-A1496794FEEF}"
EndProject
Project("{FAE04EC0-301F-11D3-BF4B-00C04F79EFBC}") = "Analytics", "Analytics.csproj", "{BC08D74B-A56E-8280-4221-0A38FF732585}"
EndProject
Project("{FAE04EC0-301F-11D3-BF4B-00C04F79EFBC}") = "Unity.InternalAPIEditorBridge.001", "Unity.InternalAPIEditorBridge.001.csproj", "{E819DC60-6ECB-B467-013D-F5917F179B1F}"
EndProject
Project("{FAE04EC0-301F-11D3-BF4B-00C04F79EFBC}") = "UnityEngine.UI.Player", "UnityEngine.UI.Player.csproj", "{79B500AB-8CFA-5C1B-4BD0-F65DD04F5217}"
EndProject
Project("{FAE04EC0-301F-11D3-BF4B-00C04F79EFBC}") = "UnityEngine.TestRunner.Player", "UnityEngine.TestRunner.Player.csproj", "{68C892D1-AF5D-5A18-49B6-A3FCD9A35549}"
EndProject
Project("{FAE04EC0-301F-11D3-BF4B-00C04F79EFBC}") = "Unity.Mathematics.Player", "Unity.Mathematics.Player.csproj", "{2616680E-9460-835B-B7AF-F07289740311}"
EndProject
Project("{FAE04EC0-301F-11D3-BF4B-00C04F79EFBC}") = "UnityEngine.XR.LegacyInputHelpers.Player", "UnityEngine.XR.LegacyInputHelpers.Player.csproj", "{9CD222B8-BA58-39F1-E3C4-C5842558DFEE}"
EndProject
Project("{FAE04EC0-301F-11D3-BF4B-00C04F79EFBC}") = "Unity.2D.Animation.Triangle.Runtime.Player", "Unity.2D.Animation.Triangle.Runtime.Player.csproj", "{9B58B4B3-FDE9-4AFD-82F5-C36F0E7E027A}"
EndProject
Project("{FAE04EC0-301F-11D3-BF4B-00C04F79EFBC}") = "Unity.Timeline.Player", "Unity.Timeline.Player.csproj", "{B1852533-E32B-1DBC-1ABC-BF70BAF8FCBF}"
EndProject
Project("{FAE04EC0-301F-11D3-BF4B-00C04F79EFBC}") = "UnityEngine.Monetization.Player", "UnityEngine.Monetization.Player.csproj", "{ADFB1C11-D47F-EE56-97C5-343B66A03895}"
EndProject
Project("{FAE04EC0-301F-11D3-BF4B-00C04F79EFBC}") = "Unity.TextMeshPro.Player", "Unity.TextMeshPro.Player.csproj", "{250541E3-0B83-5888-7464-7EAAE5590930}"
EndProject
Project("{FAE04EC0-301F-11D3-BF4B-00C04F79EFBC}") = "UnityEngine.Purchasing.Player", "UnityEngine.Purchasing.Player.csproj", "{9DAD6C47-3424-E075-E14E-2573CDD07D39}"
EndProject
Project("{FAE04EC0-301F-11D3-BF4B-00C04F79EFBC}") = "Unity.2D.Animation.Runtime.Player", "Unity.2D.Animation.Runtime.Player.csproj", "{B33996BE-086D-F613-45E4-DA9E12AE0F9C}"
EndProject
Project("{FAE04EC0-301F-11D3-BF4B-00C04F79EFBC}") = "UnityEngine.Advertisements.Player", "UnityEngine.Advertisements.Player.csproj", "{899796FA-CC56-D887-672B-1157DFDD2234}"
EndProject
Project("{FAE04EC0-301F-11D3-BF4B-00C04F79EFBC}") = "Assembly-CSharp.Player", "Assembly-CSharp.Player.csproj", "{C92F8A5A-2B22-6005-F1F7-605DDE1889E0}"
EndProject
Project("{FAE04EC0-301F-11D3-BF4B-00C04F79EFBC}") = "Unity.2D.IK.Runtime.Player", "Unity.2D.IK.Runtime.Player.csproj", "{5D2911CE-14B2-1019-5948-83D5FD5807F6}"
EndProject
Project("{FAE04EC0-301F-11D3-BF4B-00C04F79EFBC}") = "Unity.2D.SpriteShape.Runtime.Player", "Unity.2D.SpriteShape.Runtime.Player.csproj", "{8A371E4D-0A90-4F55-94E8-2FE9743ECD19}"
EndProject
Project("{FAE04EC0-301F-11D3-BF4B-00C04F79EFBC}") = "Unity.2D.PixelPerfect.Player", "Unity.2D.PixelPerfect.Player.csproj", "{0CEF3E09-613B-22D5-D327-46CD238334A9}"
EndProject
Project("{FAE04EC0-301F-11D3-BF4B-00C04F79EFBC}") = "Unity.2D.Common.Runtime.Player", "Unity.2D.Common.Runtime.Player.csproj", "{577D6558-25B3-E17B-C688-1A6FF8DEBCCF}"
EndProject
Project("{FAE04EC0-301F-11D3-BF4B-00C04F79EFBC}") = "UnityEngine.SpatialTracking.Player", "UnityEngine.SpatialTracking.Player.csproj", "{30B86A43-973E-B0B2-3CDA-F9CBBE97FFCF}"
EndProject
Project("{FAE04EC0-301F-11D3-BF4B-00C04F79EFBC}") = "Unity.InternalAPIEngineBridge.001.Player", "Unity.InternalAPIEngineBridge.001.Player.csproj", "{D25225B4-EF94-F551-0EC6-0EB6FE51965D}"
EndProject
Project("{FAE04EC0-301F-11D3-BF4B-00C04F79EFBC}") = "Unity.Analytics.DataPrivacy.Player", "Unity.Analytics.DataPrivacy.Player.csproj", "{649F937E-084D-6F02-2728-0EC00CA25BFB}"
EndProject
Global
	GlobalSection(SolutionConfigurationPlatforms) = preSolution
		Debug|Any CPU = Debug|Any CPU
		Release|Any CPU = Release|Any CPU
	EndGlobalSection
	GlobalSection(ProjectConfigurationPlatforms) = postSolution
		{EDF69C09-F090-AFDF-22FA-1FCD43526716}.Debug|Any CPU.ActiveCfg = Debug|Any CPU
		{EDF69C09-F090-AFDF-22FA-1FCD43526716}.Debug|Any CPU.Build.0 = Debug|Any CPU
		{EDF69C09-F090-AFDF-22FA-1FCD43526716}.Release|Any CPU.ActiveCfg = Release|Any CPU
		{EDF69C09-F090-AFDF-22FA-1FCD43526716}.Release|Any CPU.Build.0 = Release|Any CPU
		{C5C22CF1-6EE1-9482-6615-408225F51A15}.Debug|Any CPU.ActiveCfg = Debug|Any CPU
		{C5C22CF1-6EE1-9482-6615-408225F51A15}.Debug|Any CPU.Build.0 = Debug|Any CPU
		{C5C22CF1-6EE1-9482-6615-408225F51A15}.Release|Any CPU.ActiveCfg = Release|Any CPU
		{C5C22CF1-6EE1-9482-6615-408225F51A15}.Release|Any CPU.Build.0 = Release|Any CPU
		{89CC8CC0-4B91-B3C9-195B-A651424CF403}.Debug|Any CPU.ActiveCfg = Debug|Any CPU
		{89CC8CC0-4B91-B3C9-195B-A651424CF403}.Debug|Any CPU.Build.0 = Debug|Any CPU
		{89CC8CC0-4B91-B3C9-195B-A651424CF403}.Release|Any CPU.ActiveCfg = Release|Any CPU
		{89CC8CC0-4B91-B3C9-195B-A651424CF403}.Release|Any CPU.Build.0 = Release|Any CPU
		{D35255D3-6AD2-1E16-4A26-3FD8BBABC0D2}.Debug|Any CPU.ActiveCfg = Debug|Any CPU
		{D35255D3-6AD2-1E16-4A26-3FD8BBABC0D2}.Debug|Any CPU.Build.0 = Debug|Any CPU
		{D35255D3-6AD2-1E16-4A26-3FD8BBABC0D2}.Release|Any CPU.ActiveCfg = Release|Any CPU
		{D35255D3-6AD2-1E16-4A26-3FD8BBABC0D2}.Release|Any CPU.Build.0 = Release|Any CPU
		{5E49D139-4B8D-184D-917A-09BD2A3F07B8}.Debug|Any CPU.ActiveCfg = Debug|Any CPU
		{5E49D139-4B8D-184D-917A-09BD2A3F07B8}.Debug|Any CPU.Build.0 = Debug|Any CPU
		{5E49D139-4B8D-184D-917A-09BD2A3F07B8}.Release|Any CPU.ActiveCfg = Release|Any CPU
		{5E49D139-4B8D-184D-917A-09BD2A3F07B8}.Release|Any CPU.Build.0 = Release|Any CPU
		{84F30B46-1A3A-5D21-AB00-2B59D1A75B8D}.Debug|Any CPU.ActiveCfg = Debug|Any CPU
		{84F30B46-1A3A-5D21-AB00-2B59D1A75B8D}.Debug|Any CPU.Build.0 = Debug|Any CPU
		{84F30B46-1A3A-5D21-AB00-2B59D1A75B8D}.Release|Any CPU.ActiveCfg = Release|Any CPU
		{84F30B46-1A3A-5D21-AB00-2B59D1A75B8D}.Release|Any CPU.Build.0 = Release|Any CPU
		{722BE4E5-EC35-F952-1E3A-5AC689D882FC}.Debug|Any CPU.ActiveCfg = Debug|Any CPU
		{722BE4E5-EC35-F952-1E3A-5AC689D882FC}.Debug|Any CPU.Build.0 = Debug|Any CPU
		{722BE4E5-EC35-F952-1E3A-5AC689D882FC}.Release|Any CPU.ActiveCfg = Release|Any CPU
		{722BE4E5-EC35-F952-1E3A-5AC689D882FC}.Release|Any CPU.Build.0 = Release|Any CPU
		{DA4CCBB6-7926-29C0-367A-17483176650F}.Debug|Any CPU.ActiveCfg = Debug|Any CPU
		{DA4CCBB6-7926-29C0-367A-17483176650F}.Debug|Any CPU.Build.0 = Debug|Any CPU
		{DA4CCBB6-7926-29C0-367A-17483176650F}.Release|Any CPU.ActiveCfg = Release|Any CPU
		{DA4CCBB6-7926-29C0-367A-17483176650F}.Release|Any CPU.Build.0 = Release|Any CPU
		{36ED538C-DA26-F49D-9CB0-8EDEAB67AE9F}.Debug|Any CPU.ActiveCfg = Debug|Any CPU
		{36ED538C-DA26-F49D-9CB0-8EDEAB67AE9F}.Debug|Any CPU.Build.0 = Debug|Any CPU
		{36ED538C-DA26-F49D-9CB0-8EDEAB67AE9F}.Release|Any CPU.ActiveCfg = Release|Any CPU
		{36ED538C-DA26-F49D-9CB0-8EDEAB67AE9F}.Release|Any CPU.Build.0 = Release|Any CPU
		{861FD356-04DA-BAB4-5640-C4623BD2DF2E}.Debug|Any CPU.ActiveCfg = Debug|Any CPU
		{861FD356-04DA-BAB4-5640-C4623BD2DF2E}.Debug|Any CPU.Build.0 = Debug|Any CPU
		{861FD356-04DA-BAB4-5640-C4623BD2DF2E}.Release|Any CPU.ActiveCfg = Release|Any CPU
		{861FD356-04DA-BAB4-5640-C4623BD2DF2E}.Release|Any CPU.Build.0 = Release|Any CPU
		{5CCA8BD8-DA8B-06CD-4BFF-02B599365103}.Debug|Any CPU.ActiveCfg = Debug|Any CPU
		{5CCA8BD8-DA8B-06CD-4BFF-02B599365103}.Debug|Any CPU.Build.0 = Debug|Any CPU
		{5CCA8BD8-DA8B-06CD-4BFF-02B599365103}.Release|Any CPU.ActiveCfg = Release|Any CPU
		{5CCA8BD8-DA8B-06CD-4BFF-02B599365103}.Release|Any CPU.Build.0 = Release|Any CPU
		{E154B6E2-2E42-679C-F6B5-547982BD59EB}.Debug|Any CPU.ActiveCfg = Debug|Any CPU
		{E154B6E2-2E42-679C-F6B5-547982BD59EB}.Debug|Any CPU.Build.0 = Debug|Any CPU
		{E154B6E2-2E42-679C-F6B5-547982BD59EB}.Release|Any CPU.ActiveCfg = Release|Any CPU
		{E154B6E2-2E42-679C-F6B5-547982BD59EB}.Release|Any CPU.Build.0 = Release|Any CPU
		{516BB287-DC99-67C4-B662-2D27C5E470A3}.Debug|Any CPU.ActiveCfg = Debug|Any CPU
		{516BB287-DC99-67C4-B662-2D27C5E470A3}.Debug|Any CPU.Build.0 = Debug|Any CPU
		{516BB287-DC99-67C4-B662-2D27C5E470A3}.Release|Any CPU.ActiveCfg = Release|Any CPU
		{516BB287-DC99-67C4-B662-2D27C5E470A3}.Release|Any CPU.Build.0 = Release|Any CPU
		{14B8EB0B-6530-5161-8F12-BB57C16AB05E}.Debug|Any CPU.ActiveCfg = Debug|Any CPU
		{14B8EB0B-6530-5161-8F12-BB57C16AB05E}.Debug|Any CPU.Build.0 = Debug|Any CPU
		{14B8EB0B-6530-5161-8F12-BB57C16AB05E}.Release|Any CPU.ActiveCfg = Release|Any CPU
		{14B8EB0B-6530-5161-8F12-BB57C16AB05E}.Release|Any CPU.Build.0 = Release|Any CPU
		{C7225247-19EB-502E-8B20-1CD70AB827AD}.Debug|Any CPU.ActiveCfg = Debug|Any CPU
		{C7225247-19EB-502E-8B20-1CD70AB827AD}.Debug|Any CPU.Build.0 = Debug|Any CPU
		{C7225247-19EB-502E-8B20-1CD70AB827AD}.Release|Any CPU.ActiveCfg = Release|Any CPU
		{C7225247-19EB-502E-8B20-1CD70AB827AD}.Release|Any CPU.Build.0 = Release|Any CPU
		{BA47EDE8-9853-2C98-BC06-92DA8657057D}.Debug|Any CPU.ActiveCfg = Debug|Any CPU
		{BA47EDE8-9853-2C98-BC06-92DA8657057D}.Debug|Any CPU.Build.0 = Debug|Any CPU
		{BA47EDE8-9853-2C98-BC06-92DA8657057D}.Release|Any CPU.ActiveCfg = Release|Any CPU
		{BA47EDE8-9853-2C98-BC06-92DA8657057D}.Release|Any CPU.Build.0 = Release|Any CPU
		{B7FE1E84-521C-808D-9752-AB00020917A9}.Debug|Any CPU.ActiveCfg = Debug|Any CPU
		{B7FE1E84-521C-808D-9752-AB00020917A9}.Debug|Any CPU.Build.0 = Debug|Any CPU
		{B7FE1E84-521C-808D-9752-AB00020917A9}.Release|Any CPU.ActiveCfg = Release|Any CPU
		{B7FE1E84-521C-808D-9752-AB00020917A9}.Release|Any CPU.Build.0 = Release|Any CPU
		{93EDE399-BB71-DAE5-23C1-91B5FFF9D97F}.Debug|Any CPU.ActiveCfg = Debug|Any CPU
		{93EDE399-BB71-DAE5-23C1-91B5FFF9D97F}.Debug|Any CPU.Build.0 = Debug|Any CPU
		{93EDE399-BB71-DAE5-23C1-91B5FFF9D97F}.Release|Any CPU.ActiveCfg = Release|Any CPU
		{93EDE399-BB71-DAE5-23C1-91B5FFF9D97F}.Release|Any CPU.Build.0 = Release|Any CPU
		{4CC16351-7C7C-8743-C157-B623C5A67639}.Debug|Any CPU.ActiveCfg = Debug|Any CPU
		{4CC16351-7C7C-8743-C157-B623C5A67639}.Debug|Any CPU.Build.0 = Debug|Any CPU
		{4CC16351-7C7C-8743-C157-B623C5A67639}.Release|Any CPU.ActiveCfg = Release|Any CPU
		{4CC16351-7C7C-8743-C157-B623C5A67639}.Release|Any CPU.Build.0 = Release|Any CPU
		{FCCCAE3E-7FEE-E6BB-6E8B-5A26942D237F}.Debug|Any CPU.ActiveCfg = Debug|Any CPU
		{FCCCAE3E-7FEE-E6BB-6E8B-5A26942D237F}.Debug|Any CPU.Build.0 = Debug|Any CPU
		{FCCCAE3E-7FEE-E6BB-6E8B-5A26942D237F}.Release|Any CPU.ActiveCfg = Release|Any CPU
		{FCCCAE3E-7FEE-E6BB-6E8B-5A26942D237F}.Release|Any CPU.Build.0 = Release|Any CPU
		{96264E46-A7C3-79EF-26D5-474EE103B491}.Debug|Any CPU.ActiveCfg = Debug|Any CPU
		{96264E46-A7C3-79EF-26D5-474EE103B491}.Debug|Any CPU.Build.0 = Debug|Any CPU
		{96264E46-A7C3-79EF-26D5-474EE103B491}.Release|Any CPU.ActiveCfg = Release|Any CPU
		{96264E46-A7C3-79EF-26D5-474EE103B491}.Release|Any CPU.Build.0 = Release|Any CPU
		{4C193145-0277-C79E-1D59-FA004BA06AAA}.Debug|Any CPU.ActiveCfg = Debug|Any CPU
		{4C193145-0277-C79E-1D59-FA004BA06AAA}.Debug|Any CPU.Build.0 = Debug|Any CPU
		{4C193145-0277-C79E-1D59-FA004BA06AAA}.Release|Any CPU.ActiveCfg = Release|Any CPU
		{4C193145-0277-C79E-1D59-FA004BA06AAA}.Release|Any CPU.Build.0 = Release|Any CPU
		{39169F17-4D11-F81C-1A0E-4010C10BC3BE}.Debug|Any CPU.ActiveCfg = Debug|Any CPU
		{39169F17-4D11-F81C-1A0E-4010C10BC3BE}.Debug|Any CPU.Build.0 = Debug|Any CPU
		{39169F17-4D11-F81C-1A0E-4010C10BC3BE}.Release|Any CPU.ActiveCfg = Release|Any CPU
		{39169F17-4D11-F81C-1A0E-4010C10BC3BE}.Release|Any CPU.Build.0 = Release|Any CPU
		{E45284CC-A26D-F481-9CB2-BF29ECE17CBE}.Debug|Any CPU.ActiveCfg = Debug|Any CPU
		{E45284CC-A26D-F481-9CB2-BF29ECE17CBE}.Debug|Any CPU.Build.0 = Debug|Any CPU
		{E45284CC-A26D-F481-9CB2-BF29ECE17CBE}.Release|Any CPU.ActiveCfg = Release|Any CPU
		{E45284CC-A26D-F481-9CB2-BF29ECE17CBE}.Release|Any CPU.Build.0 = Release|Any CPU
		{82100C95-2D0B-3DAB-9A06-5169599B6EEC}.Debug|Any CPU.ActiveCfg = Debug|Any CPU
		{82100C95-2D0B-3DAB-9A06-5169599B6EEC}.Debug|Any CPU.Build.0 = Debug|Any CPU
		{82100C95-2D0B-3DAB-9A06-5169599B6EEC}.Release|Any CPU.ActiveCfg = Release|Any CPU
		{82100C95-2D0B-3DAB-9A06-5169599B6EEC}.Release|Any CPU.Build.0 = Release|Any CPU
		{A45EFF04-388B-EFDC-E572-6C9D18C2EFC0}.Debug|Any CPU.ActiveCfg = Debug|Any CPU
		{A45EFF04-388B-EFDC-E572-6C9D18C2EFC0}.Debug|Any CPU.Build.0 = Debug|Any CPU
		{A45EFF04-388B-EFDC-E572-6C9D18C2EFC0}.Release|Any CPU.ActiveCfg = Release|Any CPU
		{A45EFF04-388B-EFDC-E572-6C9D18C2EFC0}.Release|Any CPU.Build.0 = Release|Any CPU
		{B31C1BA0-E43E-25BD-52B3-4B987124A2F0}.Debug|Any CPU.ActiveCfg = Debug|Any CPU
		{B31C1BA0-E43E-25BD-52B3-4B987124A2F0}.Debug|Any CPU.Build.0 = Debug|Any CPU
		{B31C1BA0-E43E-25BD-52B3-4B987124A2F0}.Release|Any CPU.ActiveCfg = Release|Any CPU
		{B31C1BA0-E43E-25BD-52B3-4B987124A2F0}.Release|Any CPU.Build.0 = Release|Any CPU
		{AF2DD61A-A3C4-F5C2-46D0-3E15EE99F1E5}.Debug|Any CPU.ActiveCfg = Debug|Any CPU
		{AF2DD61A-A3C4-F5C2-46D0-3E15EE99F1E5}.Debug|Any CPU.Build.0 = Debug|Any CPU
		{AF2DD61A-A3C4-F5C2-46D0-3E15EE99F1E5}.Release|Any CPU.ActiveCfg = Release|Any CPU
		{AF2DD61A-A3C4-F5C2-46D0-3E15EE99F1E5}.Release|Any CPU.Build.0 = Release|Any CPU
		{7395BDB3-7B59-65B5-0279-C94B9AE2F535}.Debug|Any CPU.ActiveCfg = Debug|Any CPU
		{7395BDB3-7B59-65B5-0279-C94B9AE2F535}.Debug|Any CPU.Build.0 = Debug|Any CPU
		{7395BDB3-7B59-65B5-0279-C94B9AE2F535}.Release|Any CPU.ActiveCfg = Release|Any CPU
		{7395BDB3-7B59-65B5-0279-C94B9AE2F535}.Release|Any CPU.Build.0 = Release|Any CPU
		{1FC74772-25AA-C06B-DA2A-7B4E65B10035}.Debug|Any CPU.ActiveCfg = Debug|Any CPU
		{1FC74772-25AA-C06B-DA2A-7B4E65B10035}.Debug|Any CPU.Build.0 = Debug|Any CPU
		{1FC74772-25AA-C06B-DA2A-7B4E65B10035}.Release|Any CPU.ActiveCfg = Release|Any CPU
		{1FC74772-25AA-C06B-DA2A-7B4E65B10035}.Release|Any CPU.Build.0 = Release|Any CPU
		{816C4EE6-C4E7-1B78-2DA2-409B5CA28EFE}.Debug|Any CPU.ActiveCfg = Debug|Any CPU
		{816C4EE6-C4E7-1B78-2DA2-409B5CA28EFE}.Debug|Any CPU.Build.0 = Debug|Any CPU
		{816C4EE6-C4E7-1B78-2DA2-409B5CA28EFE}.Release|Any CPU.ActiveCfg = Release|Any CPU
		{816C4EE6-C4E7-1B78-2DA2-409B5CA28EFE}.Release|Any CPU.Build.0 = Release|Any CPU
		{A958B477-BFB4-96C8-30B5-54435651B9B3}.Debug|Any CPU.ActiveCfg = Debug|Any CPU
		{A958B477-BFB4-96C8-30B5-54435651B9B3}.Debug|Any CPU.Build.0 = Debug|Any CPU
		{A958B477-BFB4-96C8-30B5-54435651B9B3}.Release|Any CPU.ActiveCfg = Release|Any CPU
		{A958B477-BFB4-96C8-30B5-54435651B9B3}.Release|Any CPU.Build.0 = Release|Any CPU
		{D172C36A-5D37-407B-9255-945EAC76B21C}.Debug|Any CPU.ActiveCfg = Debug|Any CPU
		{D172C36A-5D37-407B-9255-945EAC76B21C}.Debug|Any CPU.Build.0 = Debug|Any CPU
		{D172C36A-5D37-407B-9255-945EAC76B21C}.Release|Any CPU.ActiveCfg = Release|Any CPU
		{D172C36A-5D37-407B-9255-945EAC76B21C}.Release|Any CPU.Build.0 = Release|Any CPU
		{07F9F602-99CD-8E16-3A19-8D79E969350E}.Debug|Any CPU.ActiveCfg = Debug|Any CPU
		{07F9F602-99CD-8E16-3A19-8D79E969350E}.Debug|Any CPU.Build.0 = Debug|Any CPU
		{07F9F602-99CD-8E16-3A19-8D79E969350E}.Release|Any CPU.ActiveCfg = Release|Any CPU
		{07F9F602-99CD-8E16-3A19-8D79E969350E}.Release|Any CPU.Build.0 = Release|Any CPU
		{77D2E26E-E564-E127-318C-D60F68D2A96B}.Debug|Any CPU.ActiveCfg = Debug|Any CPU
		{77D2E26E-E564-E127-318C-D60F68D2A96B}.Debug|Any CPU.Build.0 = Debug|Any CPU
		{77D2E26E-E564-E127-318C-D60F68D2A96B}.Release|Any CPU.ActiveCfg = Release|Any CPU
		{77D2E26E-E564-E127-318C-D60F68D2A96B}.Release|Any CPU.Build.0 = Release|Any CPU
		{F2C7DC0A-8FFC-3D3F-9EAC-12A247824702}.Debug|Any CPU.ActiveCfg = Debug|Any CPU
		{F2C7DC0A-8FFC-3D3F-9EAC-12A247824702}.Debug|Any CPU.Build.0 = Debug|Any CPU
		{F2C7DC0A-8FFC-3D3F-9EAC-12A247824702}.Release|Any CPU.ActiveCfg = Release|Any CPU
		{F2C7DC0A-8FFC-3D3F-9EAC-12A247824702}.Release|Any CPU.Build.0 = Release|Any CPU
		{7BF7DC3F-5C97-69D2-68B9-496A70B6E473}.Debug|Any CPU.ActiveCfg = Debug|Any CPU
		{7BF7DC3F-5C97-69D2-68B9-496A70B6E473}.Debug|Any CPU.Build.0 = Debug|Any CPU
		{7BF7DC3F-5C97-69D2-68B9-496A70B6E473}.Release|Any CPU.ActiveCfg = Release|Any CPU
		{7BF7DC3F-5C97-69D2-68B9-496A70B6E473}.Release|Any CPU.Build.0 = Release|Any CPU
		{558F3CB3-E843-2536-7D93-41429A55948B}.Debug|Any CPU.ActiveCfg = Debug|Any CPU
		{558F3CB3-E843-2536-7D93-41429A55948B}.Debug|Any CPU.Build.0 = Debug|Any CPU
		{558F3CB3-E843-2536-7D93-41429A55948B}.Release|Any CPU.ActiveCfg = Release|Any CPU
		{558F3CB3-E843-2536-7D93-41429A55948B}.Release|Any CPU.Build.0 = Release|Any CPU
		{DAE9C8AF-D663-3008-313F-6E355616D09D}.Debug|Any CPU.ActiveCfg = Debug|Any CPU
		{DAE9C8AF-D663-3008-313F-6E355616D09D}.Debug|Any CPU.Build.0 = Debug|Any CPU
		{DAE9C8AF-D663-3008-313F-6E355616D09D}.Release|Any CPU.ActiveCfg = Release|Any CPU
		{DAE9C8AF-D663-3008-313F-6E355616D09D}.Release|Any CPU.Build.0 = Release|Any CPU
		{BB3F4D0E-83CA-4E7E-8E92-815BCB60FC3A}.Debug|Any CPU.ActiveCfg = Debug|Any CPU
		{BB3F4D0E-83CA-4E7E-8E92-815BCB60FC3A}.Debug|Any CPU.Build.0 = Debug|Any CPU
		{BB3F4D0E-83CA-4E7E-8E92-815BCB60FC3A}.Release|Any CPU.ActiveCfg = Release|Any CPU
		{BB3F4D0E-83CA-4E7E-8E92-815BCB60FC3A}.Release|Any CPU.Build.0 = Release|Any CPU
		{2E4445A5-5102-520B-955D-B74298C5AFB3}.Debug|Any CPU.ActiveCfg = Debug|Any CPU
		{2E4445A5-5102-520B-955D-B74298C5AFB3}.Debug|Any CPU.Build.0 = Debug|Any CPU
		{2E4445A5-5102-520B-955D-B74298C5AFB3}.Release|Any CPU.ActiveCfg = Release|Any CPU
		{2E4445A5-5102-520B-955D-B74298C5AFB3}.Release|Any CPU.Build.0 = Release|Any CPU
		{E9ED816A-61D1-0B76-C0EB-8DF18E383789}.Debug|Any CPU.ActiveCfg = Debug|Any CPU
		{E9ED816A-61D1-0B76-C0EB-8DF18E383789}.Debug|Any CPU.Build.0 = Debug|Any CPU
		{E9ED816A-61D1-0B76-C0EB-8DF18E383789}.Release|Any CPU.ActiveCfg = Release|Any CPU
		{E9ED816A-61D1-0B76-C0EB-8DF18E383789}.Release|Any CPU.Build.0 = Release|Any CPU
		{3F368DDA-3634-FCBB-43C9-7B557CA49C27}.Debug|Any CPU.ActiveCfg = Debug|Any CPU
		{3F368DDA-3634-FCBB-43C9-7B557CA49C27}.Debug|Any CPU.Build.0 = Debug|Any CPU
		{3F368DDA-3634-FCBB-43C9-7B557CA49C27}.Release|Any CPU.ActiveCfg = Release|Any CPU
		{3F368DDA-3634-FCBB-43C9-7B557CA49C27}.Release|Any CPU.Build.0 = Release|Any CPU
		{7221A3DC-076A-C0FD-7BCA-566D830A6768}.Debug|Any CPU.ActiveCfg = Debug|Any CPU
		{7221A3DC-076A-C0FD-7BCA-566D830A6768}.Debug|Any CPU.Build.0 = Debug|Any CPU
		{7221A3DC-076A-C0FD-7BCA-566D830A6768}.Release|Any CPU.ActiveCfg = Release|Any CPU
		{7221A3DC-076A-C0FD-7BCA-566D830A6768}.Release|Any CPU.Build.0 = Release|Any CPU
		{DA0AEC12-C6D1-6096-03C7-A1496794FEEF}.Debug|Any CPU.ActiveCfg = Debug|Any CPU
		{DA0AEC12-C6D1-6096-03C7-A1496794FEEF}.Debug|Any CPU.Build.0 = Debug|Any CPU
		{DA0AEC12-C6D1-6096-03C7-A1496794FEEF}.Release|Any CPU.ActiveCfg = Release|Any CPU
		{DA0AEC12-C6D1-6096-03C7-A1496794FEEF}.Release|Any CPU.Build.0 = Release|Any CPU
		{BC08D74B-A56E-8280-4221-0A38FF732585}.Debug|Any CPU.ActiveCfg = Debug|Any CPU
		{BC08D74B-A56E-8280-4221-0A38FF732585}.Debug|Any CPU.Build.0 = Debug|Any CPU
		{BC08D74B-A56E-8280-4221-0A38FF732585}.Release|Any CPU.ActiveCfg = Release|Any CPU
		{BC08D74B-A56E-8280-4221-0A38FF732585}.Release|Any CPU.Build.0 = Release|Any CPU
		{E819DC60-6ECB-B467-013D-F5917F179B1F}.Debug|Any CPU.ActiveCfg = Debug|Any CPU
		{E819DC60-6ECB-B467-013D-F5917F179B1F}.Debug|Any CPU.Build.0 = Debug|Any CPU
		{E819DC60-6ECB-B467-013D-F5917F179B1F}.Release|Any CPU.ActiveCfg = Release|Any CPU
		{E819DC60-6ECB-B467-013D-F5917F179B1F}.Release|Any CPU.Build.0 = Release|Any CPU
		{79B500AB-8CFA-5C1B-4BD0-F65DD04F5217}.Debug|Any CPU.ActiveCfg = Debug|Any CPU
		{79B500AB-8CFA-5C1B-4BD0-F65DD04F5217}.Debug|Any CPU.Build.0 = Debug|Any CPU
		{79B500AB-8CFA-5C1B-4BD0-F65DD04F5217}.Release|Any CPU.ActiveCfg = Release|Any CPU
		{79B500AB-8CFA-5C1B-4BD0-F65DD04F5217}.Release|Any CPU.Build.0 = Release|Any CPU
		{68C892D1-AF5D-5A18-49B6-A3FCD9A35549}.Debug|Any CPU.ActiveCfg = Debug|Any CPU
		{68C892D1-AF5D-5A18-49B6-A3FCD9A35549}.Debug|Any CPU.Build.0 = Debug|Any CPU
		{68C892D1-AF5D-5A18-49B6-A3FCD9A35549}.Release|Any CPU.ActiveCfg = Release|Any CPU
		{68C892D1-AF5D-5A18-49B6-A3FCD9A35549}.Release|Any CPU.Build.0 = Release|Any CPU
		{2616680E-9460-835B-B7AF-F07289740311}.Debug|Any CPU.ActiveCfg = Debug|Any CPU
		{2616680E-9460-835B-B7AF-F07289740311}.Debug|Any CPU.Build.0 = Debug|Any CPU
		{2616680E-9460-835B-B7AF-F07289740311}.Release|Any CPU.ActiveCfg = Release|Any CPU
		{2616680E-9460-835B-B7AF-F07289740311}.Release|Any CPU.Build.0 = Release|Any CPU
		{9CD222B8-BA58-39F1-E3C4-C5842558DFEE}.Debug|Any CPU.ActiveCfg = Debug|Any CPU
		{9CD222B8-BA58-39F1-E3C4-C5842558DFEE}.Debug|Any CPU.Build.0 = Debug|Any CPU
		{9CD222B8-BA58-39F1-E3C4-C5842558DFEE}.Release|Any CPU.ActiveCfg = Release|Any CPU
		{9CD222B8-BA58-39F1-E3C4-C5842558DFEE}.Release|Any CPU.Build.0 = Release|Any CPU
		{9B58B4B3-FDE9-4AFD-82F5-C36F0E7E027A}.Debug|Any CPU.ActiveCfg = Debug|Any CPU
		{9B58B4B3-FDE9-4AFD-82F5-C36F0E7E027A}.Debug|Any CPU.Build.0 = Debug|Any CPU
		{9B58B4B3-FDE9-4AFD-82F5-C36F0E7E027A}.Release|Any CPU.ActiveCfg = Release|Any CPU
		{9B58B4B3-FDE9-4AFD-82F5-C36F0E7E027A}.Release|Any CPU.Build.0 = Release|Any CPU
		{B1852533-E32B-1DBC-1ABC-BF70BAF8FCBF}.Debug|Any CPU.ActiveCfg = Debug|Any CPU
		{B1852533-E32B-1DBC-1ABC-BF70BAF8FCBF}.Debug|Any CPU.Build.0 = Debug|Any CPU
		{B1852533-E32B-1DBC-1ABC-BF70BAF8FCBF}.Release|Any CPU.ActiveCfg = Release|Any CPU
		{B1852533-E32B-1DBC-1ABC-BF70BAF8FCBF}.Release|Any CPU.Build.0 = Release|Any CPU
		{ADFB1C11-D47F-EE56-97C5-343B66A03895}.Debug|Any CPU.ActiveCfg = Debug|Any CPU
		{ADFB1C11-D47F-EE56-97C5-343B66A03895}.Debug|Any CPU.Build.0 = Debug|Any CPU
		{ADFB1C11-D47F-EE56-97C5-343B66A03895}.Release|Any CPU.ActiveCfg = Release|Any CPU
		{ADFB1C11-D47F-EE56-97C5-343B66A03895}.Release|Any CPU.Build.0 = Release|Any CPU
		{250541E3-0B83-5888-7464-7EAAE5590930}.Debug|Any CPU.ActiveCfg = Debug|Any CPU
		{250541E3-0B83-5888-7464-7EAAE5590930}.Debug|Any CPU.Build.0 = Debug|Any CPU
		{250541E3-0B83-5888-7464-7EAAE5590930}.Release|Any CPU.ActiveCfg = Release|Any CPU
		{250541E3-0B83-5888-7464-7EAAE5590930}.Release|Any CPU.Build.0 = Release|Any CPU
		{9DAD6C47-3424-E075-E14E-2573CDD07D39}.Debug|Any CPU.ActiveCfg = Debug|Any CPU
		{9DAD6C47-3424-E075-E14E-2573CDD07D39}.Debug|Any CPU.Build.0 = Debug|Any CPU
		{9DAD6C47-3424-E075-E14E-2573CDD07D39}.Release|Any CPU.ActiveCfg = Release|Any CPU
		{9DAD6C47-3424-E075-E14E-2573CDD07D39}.Release|Any CPU.Build.0 = Release|Any CPU
		{B33996BE-086D-F613-45E4-DA9E12AE0F9C}.Debug|Any CPU.ActiveCfg = Debug|Any CPU
		{B33996BE-086D-F613-45E4-DA9E12AE0F9C}.Debug|Any CPU.Build.0 = Debug|Any CPU
		{B33996BE-086D-F613-45E4-DA9E12AE0F9C}.Release|Any CPU.ActiveCfg = Release|Any CPU
		{B33996BE-086D-F613-45E4-DA9E12AE0F9C}.Release|Any CPU.Build.0 = Release|Any CPU
		{899796FA-CC56-D887-672B-1157DFDD2234}.Debug|Any CPU.ActiveCfg = Debug|Any CPU
		{899796FA-CC56-D887-672B-1157DFDD2234}.Debug|Any CPU.Build.0 = Debug|Any CPU
		{899796FA-CC56-D887-672B-1157DFDD2234}.Release|Any CPU.ActiveCfg = Release|Any CPU
		{899796FA-CC56-D887-672B-1157DFDD2234}.Release|Any CPU.Build.0 = Release|Any CPU
		{C92F8A5A-2B22-6005-F1F7-605DDE1889E0}.Debug|Any CPU.ActiveCfg = Debug|Any CPU
		{C92F8A5A-2B22-6005-F1F7-605DDE1889E0}.Debug|Any CPU.Build.0 = Debug|Any CPU
		{C92F8A5A-2B22-6005-F1F7-605DDE1889E0}.Release|Any CPU.ActiveCfg = Release|Any CPU
		{C92F8A5A-2B22-6005-F1F7-605DDE1889E0}.Release|Any CPU.Build.0 = Release|Any CPU
		{5D2911CE-14B2-1019-5948-83D5FD5807F6}.Debug|Any CPU.ActiveCfg = Debug|Any CPU
		{5D2911CE-14B2-1019-5948-83D5FD5807F6}.Debug|Any CPU.Build.0 = Debug|Any CPU
		{5D2911CE-14B2-1019-5948-83D5FD5807F6}.Release|Any CPU.ActiveCfg = Release|Any CPU
		{5D2911CE-14B2-1019-5948-83D5FD5807F6}.Release|Any CPU.Build.0 = Release|Any CPU
		{8A371E4D-0A90-4F55-94E8-2FE9743ECD19}.Debug|Any CPU.ActiveCfg = Debug|Any CPU
		{8A371E4D-0A90-4F55-94E8-2FE9743ECD19}.Debug|Any CPU.Build.0 = Debug|Any CPU
		{8A371E4D-0A90-4F55-94E8-2FE9743ECD19}.Release|Any CPU.ActiveCfg = Release|Any CPU
		{8A371E4D-0A90-4F55-94E8-2FE9743ECD19}.Release|Any CPU.Build.0 = Release|Any CPU
		{0CEF3E09-613B-22D5-D327-46CD238334A9}.Debug|Any CPU.ActiveCfg = Debug|Any CPU
		{0CEF3E09-613B-22D5-D327-46CD238334A9}.Debug|Any CPU.Build.0 = Debug|Any CPU
		{0CEF3E09-613B-22D5-D327-46CD238334A9}.Release|Any CPU.ActiveCfg = Release|Any CPU
		{0CEF3E09-613B-22D5-D327-46CD238334A9}.Release|Any CPU.Build.0 = Release|Any CPU
		{577D6558-25B3-E17B-C688-1A6FF8DEBCCF}.Debug|Any CPU.ActiveCfg = Debug|Any CPU
		{577D6558-25B3-E17B-C688-1A6FF8DEBCCF}.Debug|Any CPU.Build.0 = Debug|Any CPU
		{577D6558-25B3-E17B-C688-1A6FF8DEBCCF}.Release|Any CPU.ActiveCfg = Release|Any CPU
		{577D6558-25B3-E17B-C688-1A6FF8DEBCCF}.Release|Any CPU.Build.0 = Release|Any CPU
		{30B86A43-973E-B0B2-3CDA-F9CBBE97FFCF}.Debug|Any CPU.ActiveCfg = Debug|Any CPU
		{30B86A43-973E-B0B2-3CDA-F9CBBE97FFCF}.Debug|Any CPU.Build.0 = Debug|Any CPU
		{30B86A43-973E-B0B2-3CDA-F9CBBE97FFCF}.Release|Any CPU.ActiveCfg = Release|Any CPU
		{30B86A43-973E-B0B2-3CDA-F9CBBE97FFCF}.Release|Any CPU.Build.0 = Release|Any CPU
		{D25225B4-EF94-F551-0EC6-0EB6FE51965D}.Debug|Any CPU.ActiveCfg = Debug|Any CPU
		{D25225B4-EF94-F551-0EC6-0EB6FE51965D}.Debug|Any CPU.Build.0 = Debug|Any CPU
		{D25225B4-EF94-F551-0EC6-0EB6FE51965D}.Release|Any CPU.ActiveCfg = Release|Any CPU
		{D25225B4-EF94-F551-0EC6-0EB6FE51965D}.Release|Any CPU.Build.0 = Release|Any CPU
		{649F937E-084D-6F02-2728-0EC00CA25BFB}.Debug|Any CPU.ActiveCfg = Debug|Any CPU
		{649F937E-084D-6F02-2728-0EC00CA25BFB}.Debug|Any CPU.Build.0 = Debug|Any CPU
		{649F937E-084D-6F02-2728-0EC00CA25BFB}.Release|Any CPU.ActiveCfg = Release|Any CPU
		{649F937E-084D-6F02-2728-0EC00CA25BFB}.Release|Any CPU.Build.0 = Release|Any CPU
	EndGlobalSection
	GlobalSection(SolutionProperties) = preSolution
		HideSolutionNode = FALSE
	EndGlobalSection
EndGlobal
